// !$*UTF8*$!
{
	archiveVersion = 1;
	classes = {
	};
	objectVersion = 46;
	objects = {

/* Begin PBXBuildFile section */
		983E1995150A3760001E6684 /* DDProgressView.m in Sources */ = {isa = PBXBuildFile; fileRef = 983E1994150A3760001E6684 /* DDProgressView.m */; };
		983E1999150A3B75001E6684 /* AccountProvider.m in Sources */ = {isa = PBXBuildFile; fileRef = 983E1998150A3B75001E6684 /* AccountProvider.m */; };
		983E199C150B826F001E6684 /* AccountDetails.m in Sources */ = {isa = PBXBuildFile; fileRef = 983E199B150B826F001E6684 /* AccountDetails.m */; };
		983E19A0150B894C001E6684 /* AccountDetailsViewController.m in Sources */ = {isa = PBXBuildFile; fileRef = 983E199E150B894C001E6684 /* AccountDetailsViewController.m */; };
		983E19A1150B894C001E6684 /* AccountDetailsViewController.xib in Resources */ = {isa = PBXBuildFile; fileRef = 983E199F150B894C001E6684 /* AccountDetailsViewController.xib */; };
		98996D6C1518BC87009993C4 /* gray_noise_tile.png in Resources */ = {isa = PBXBuildFile; fileRef = 98996D6B1518BC87009993C4 /* gray_noise_tile.png */; };
		98996D741520836A009993C4 /* mock_usage_anytime.xml in Resources */ = {isa = PBXBuildFile; fileRef = 98996D731520836A009993C4 /* mock_usage_anytime.xml */; };
		98DADE8B15032DCE0031FBC4 /* UIKit.framework in Frameworks */ = {isa = PBXBuildFile; fileRef = 98DADE8A15032DCE0031FBC4 /* UIKit.framework */; };
		98DADE8D15032DCE0031FBC4 /* Foundation.framework in Frameworks */ = {isa = PBXBuildFile; fileRef = 98DADE8C15032DCE0031FBC4 /* Foundation.framework */; };
		98DADE8F15032DCE0031FBC4 /* CoreGraphics.framework in Frameworks */ = {isa = PBXBuildFile; fileRef = 98DADE8E15032DCE0031FBC4 /* CoreGraphics.framework */; };
		98DADE9515032DCE0031FBC4 /* InfoPlist.strings in Resources */ = {isa = PBXBuildFile; fileRef = 98DADE9315032DCE0031FBC4 /* InfoPlist.strings */; };
		98DADE9715032DCE0031FBC4 /* main.m in Sources */ = {isa = PBXBuildFile; fileRef = 98DADE9615032DCE0031FBC4 /* main.m */; };
		98DADE9B15032DCE0031FBC4 /* AppDelegate.m in Sources */ = {isa = PBXBuildFile; fileRef = 98DADE9A15032DCE0031FBC4 /* AppDelegate.m */; };
		98DADE9E15032DCE0031FBC4 /* MasterViewController.m in Sources */ = {isa = PBXBuildFile; fileRef = 98DADE9D15032DCE0031FBC4 /* MasterViewController.m */; };
		98DADEA115032DCE0031FBC4 /* DetailViewController.m in Sources */ = {isa = PBXBuildFile; fileRef = 98DADEA015032DCE0031FBC4 /* DetailViewController.m */; };
		98DADEA415032DCE0031FBC4 /* MasterViewController.xib in Resources */ = {isa = PBXBuildFile; fileRef = 98DADEA215032DCE0031FBC4 /* MasterViewController.xib */; };
		98DADEA715032DCE0031FBC4 /* DetailViewController.xib in Resources */ = {isa = PBXBuildFile; fileRef = 98DADEA515032DCE0031FBC4 /* DetailViewController.xib */; };
		98DADEAE15032DE60031FBC4 /* README.md in Resources */ = {isa = PBXBuildFile; fileRef = 98DADEAD15032DE60031FBC4 /* README.md */; };
		98DADEB3150330610031FBC4 /* Security.framework in Frameworks */ = {isa = PBXBuildFile; fileRef = 98DADEB2150330610031FBC4 /* Security.framework */; };
		98DADED1150331200031FBC4 /* Errors.m in Sources */ = {isa = PBXBuildFile; fileRef = 98DADEB9150331200031FBC4 /* Errors.m */; };
		98DADED2150331200031FBC4 /* iiAccountInfo.m in Sources */ = {isa = PBXBuildFile; fileRef = 98DADEBB150331200031FBC4 /* iiAccountInfo.m */; };
		98DADED3150331200031FBC4 /* iiConnection.m in Sources */ = {isa = PBXBuildFile; fileRef = 98DADEBD150331200031FBC4 /* iiConnection.m */; };
		98DADED4150331200031FBC4 /* iiFeed.m in Sources */ = {isa = PBXBuildFile; fileRef = 98DADEBF150331200031FBC4 /* iiFeed.m */; };
		98DADED5150331200031FBC4 /* iiQuotaReset.m in Sources */ = {isa = PBXBuildFile; fileRef = 98DADEC1150331200031FBC4 /* iiQuotaReset.m */; };
		98DADED6150331200031FBC4 /* iiTraffic.m in Sources */ = {isa = PBXBuildFile; fileRef = 98DADEC3150331200031FBC4 /* iiTraffic.m */; };
		98DADED7150331200031FBC4 /* iiUsagePeriod.m in Sources */ = {isa = PBXBuildFile; fileRef = 98DADEC6150331200031FBC4 /* iiUsagePeriod.m */; };
		98DADED8150331200031FBC4 /* iiUsageUnit.m in Sources */ = {isa = PBXBuildFile; fileRef = 98DADEC8150331200031FBC4 /* iiUsageUnit.m */; };
		98DADED9150331200031FBC4 /* iiVolumeUsage.m in Sources */ = {isa = PBXBuildFile; fileRef = 98DADECA150331200031FBC4 /* iiVolumeUsage.m */; };
		98DADEDA150331200031FBC4 /* iiVolumeUsageBreakdown.m in Sources */ = {isa = PBXBuildFile; fileRef = 98DADECC150331200031FBC4 /* iiVolumeUsageBreakdown.m */; };
		98DADEDB150331200031FBC4 /* iiVolumeUsageProvider.m in Sources */ = {isa = PBXBuildFile; fileRef = 98DADECE150331200031FBC4 /* iiVolumeUsageProvider.m */; };
		98DADEDC150331200031FBC4 /* XMLElements.m in Sources */ = {isa = PBXBuildFile; fileRef = 98DADED0150331200031FBC4 /* XMLElements.m */; };
		98E189C31536EA57003BDD01 /* KeychainItemWrapper.m in Sources */ = {isa = PBXBuildFile; fileRef = 98E189C11536E74E003BDD01 /* KeychainItemWrapper.m */; };
/* End PBXBuildFile section */

/* Begin PBXFileReference section */
		983E1993150A3760001E6684 /* DDProgressView.h */ = {isa = PBXFileReference; fileEncoding = 4; lastKnownFileType = sourcecode.c.h; path = DDProgressView.h; sourceTree = "<group>"; };
		983E1994150A3760001E6684 /* DDProgressView.m */ = {isa = PBXFileReference; fileEncoding = 4; lastKnownFileType = sourcecode.c.objc; path = DDProgressView.m; sourceTree = "<group>"; };
		983E1997150A3B75001E6684 /* AccountProvider.h */ = {isa = PBXFileReference; fileEncoding = 4; lastKnownFileType = sourcecode.c.h; path = AccountProvider.h; sourceTree = "<group>"; };
		983E1998150A3B75001E6684 /* AccountProvider.m */ = {isa = PBXFileReference; fileEncoding = 4; lastKnownFileType = sourcecode.c.objc; path = AccountProvider.m; sourceTree = "<group>"; };
		983E199A150B826F001E6684 /* AccountDetails.h */ = {isa = PBXFileReference; fileEncoding = 4; lastKnownFileType = sourcecode.c.h; path = AccountDetails.h; sourceTree = "<group>"; };
		983E199B150B826F001E6684 /* AccountDetails.m */ = {isa = PBXFileReference; fileEncoding = 4; lastKnownFileType = sourcecode.c.objc; path = AccountDetails.m; sourceTree = "<group>"; };
		983E199D150B894C001E6684 /* AccountDetailsViewController.h */ = {isa = PBXFileReference; fileEncoding = 4; lastKnownFileType = sourcecode.c.h; path = AccountDetailsViewController.h; sourceTree = "<group>"; };
		983E199E150B894C001E6684 /* AccountDetailsViewController.m */ = {isa = PBXFileReference; fileEncoding = 4; lastKnownFileType = sourcecode.c.objc; path = AccountDetailsViewController.m; sourceTree = "<group>"; };
		983E199F150B894C001E6684 /* AccountDetailsViewController.xib */ = {isa = PBXFileReference; fileEncoding = 4; lastKnownFileType = file.xib; path = AccountDetailsViewController.xib; sourceTree = "<group>"; };
		98996D6B1518BC87009993C4 /* gray_noise_tile.png */ = {isa = PBXFileReference; lastKnownFileType = image.png; path = gray_noise_tile.png; sourceTree = "<group>"; };
		98996D731520836A009993C4 /* mock_usage_anytime.xml */ = {isa = PBXFileReference; fileEncoding = 4; lastKnownFileType = text.xml; path = mock_usage_anytime.xml; sourceTree = "<group>"; };
		98DADE8615032DCE0031FBC4 /* Quotaii.app */ = {isa = PBXFileReference; explicitFileType = wrapper.application; includeInIndex = 0; path = Quotaii.app; sourceTree = BUILT_PRODUCTS_DIR; };
		98DADE8A15032DCE0031FBC4 /* UIKit.framework */ = {isa = PBXFileReference; lastKnownFileType = wrapper.framework; name = UIKit.framework; path = System/Library/Frameworks/UIKit.framework; sourceTree = SDKROOT; };
		98DADE8C15032DCE0031FBC4 /* Foundation.framework */ = {isa = PBXFileReference; lastKnownFileType = wrapper.framework; name = Foundation.framework; path = System/Library/Frameworks/Foundation.framework; sourceTree = SDKROOT; };
		98DADE8E15032DCE0031FBC4 /* CoreGraphics.framework */ = {isa = PBXFileReference; lastKnownFileType = wrapper.framework; name = CoreGraphics.framework; path = System/Library/Frameworks/CoreGraphics.framework; sourceTree = SDKROOT; };
		98DADE9215032DCE0031FBC4 /* Quotaii-Info.plist */ = {isa = PBXFileReference; lastKnownFileType = text.plist.xml; path = "Quotaii-Info.plist"; sourceTree = "<group>"; };
		98DADE9415032DCE0031FBC4 /* en */ = {isa = PBXFileReference; lastKnownFileType = text.plist.strings; name = en; path = en.lproj/InfoPlist.strings; sourceTree = "<group>"; };
		98DADE9615032DCE0031FBC4 /* main.m */ = {isa = PBXFileReference; lastKnownFileType = sourcecode.c.objc; path = main.m; sourceTree = "<group>"; };
		98DADE9815032DCE0031FBC4 /* Quotaii-Prefix.pch */ = {isa = PBXFileReference; lastKnownFileType = sourcecode.c.h; path = "Quotaii-Prefix.pch"; sourceTree = "<group>"; };
		98DADE9915032DCE0031FBC4 /* AppDelegate.h */ = {isa = PBXFileReference; lastKnownFileType = sourcecode.c.h; path = AppDelegate.h; sourceTree = "<group>"; };
		98DADE9A15032DCE0031FBC4 /* AppDelegate.m */ = {isa = PBXFileReference; lastKnownFileType = sourcecode.c.objc; path = AppDelegate.m; sourceTree = "<group>"; };
		98DADE9C15032DCE0031FBC4 /* MasterViewController.h */ = {isa = PBXFileReference; lastKnownFileType = sourcecode.c.h; path = MasterViewController.h; sourceTree = "<group>"; };
		98DADE9D15032DCE0031FBC4 /* MasterViewController.m */ = {isa = PBXFileReference; lastKnownFileType = sourcecode.c.objc; path = MasterViewController.m; sourceTree = "<group>"; };
		98DADE9F15032DCE0031FBC4 /* DetailViewController.h */ = {isa = PBXFileReference; lastKnownFileType = sourcecode.c.h; path = DetailViewController.h; sourceTree = "<group>"; };
		98DADEA015032DCE0031FBC4 /* DetailViewController.m */ = {isa = PBXFileReference; lastKnownFileType = sourcecode.c.objc; path = DetailViewController.m; sourceTree = "<group>"; };
		98DADEA315032DCE0031FBC4 /* en */ = {isa = PBXFileReference; lastKnownFileType = file.xib; name = en; path = en.lproj/MasterViewController.xib; sourceTree = "<group>"; };
		98DADEA615032DCE0031FBC4 /* en */ = {isa = PBXFileReference; lastKnownFileType = file.xib; name = en; path = en.lproj/DetailViewController.xib; sourceTree = "<group>"; };
		98DADEAD15032DE60031FBC4 /* README.md */ = {isa = PBXFileReference; fileEncoding = 4; lastKnownFileType = text; path = README.md; sourceTree = "<group>"; };
		98DADEB2150330610031FBC4 /* Security.framework */ = {isa = PBXFileReference; lastKnownFileType = wrapper.framework; name = Security.framework; path = System/Library/Frameworks/Security.framework; sourceTree = SDKROOT; };
		98DADEB8150331200031FBC4 /* Errors.h */ = {isa = PBXFileReference; fileEncoding = 4; lastKnownFileType = sourcecode.c.h; path = Errors.h; sourceTree = "<group>"; };
		98DADEB9150331200031FBC4 /* Errors.m */ = {isa = PBXFileReference; fileEncoding = 4; lastKnownFileType = sourcecode.c.objc; path = Errors.m; sourceTree = "<group>"; };
		98DADEBA150331200031FBC4 /* iiAccountInfo.h */ = {isa = PBXFileReference; fileEncoding = 4; lastKnownFileType = sourcecode.c.h; path = iiAccountInfo.h; sourceTree = "<group>"; };
		98DADEBB150331200031FBC4 /* iiAccountInfo.m */ = {isa = PBXFileReference; fileEncoding = 4; lastKnownFileType = sourcecode.c.objc; path = iiAccountInfo.m; sourceTree = "<group>"; };
		98DADEBC150331200031FBC4 /* iiConnection.h */ = {isa = PBXFileReference; fileEncoding = 4; lastKnownFileType = sourcecode.c.h; path = iiConnection.h; sourceTree = "<group>"; };
		98DADEBD150331200031FBC4 /* iiConnection.m */ = {isa = PBXFileReference; fileEncoding = 4; lastKnownFileType = sourcecode.c.objc; path = iiConnection.m; sourceTree = "<group>"; };
		98DADEBE150331200031FBC4 /* iiFeed.h */ = {isa = PBXFileReference; fileEncoding = 4; lastKnownFileType = sourcecode.c.h; path = iiFeed.h; sourceTree = "<group>"; };
		98DADEBF150331200031FBC4 /* iiFeed.m */ = {isa = PBXFileReference; fileEncoding = 4; lastKnownFileType = sourcecode.c.objc; path = iiFeed.m; sourceTree = "<group>"; };
		98DADEC0150331200031FBC4 /* iiQuotaReset.h */ = {isa = PBXFileReference; fileEncoding = 4; lastKnownFileType = sourcecode.c.h; path = iiQuotaReset.h; sourceTree = "<group>"; };
		98DADEC1150331200031FBC4 /* iiQuotaReset.m */ = {isa = PBXFileReference; fileEncoding = 4; lastKnownFileType = sourcecode.c.objc; path = iiQuotaReset.m; sourceTree = "<group>"; };
		98DADEC2150331200031FBC4 /* iiTraffic.h */ = {isa = PBXFileReference; fileEncoding = 4; lastKnownFileType = sourcecode.c.h; path = iiTraffic.h; sourceTree = "<group>"; };
		98DADEC3150331200031FBC4 /* iiTraffic.m */ = {isa = PBXFileReference; fileEncoding = 4; lastKnownFileType = sourcecode.c.objc; path = iiTraffic.m; sourceTree = "<group>"; };
		98DADEC4150331200031FBC4 /* iiTrafficType.h */ = {isa = PBXFileReference; fileEncoding = 4; lastKnownFileType = sourcecode.c.h; path = iiTrafficType.h; sourceTree = "<group>"; };
		98DADEC5150331200031FBC4 /* iiUsagePeriod.h */ = {isa = PBXFileReference; fileEncoding = 4; lastKnownFileType = sourcecode.c.h; path = iiUsagePeriod.h; sourceTree = "<group>"; };
		98DADEC6150331200031FBC4 /* iiUsagePeriod.m */ = {isa = PBXFileReference; fileEncoding = 4; lastKnownFileType = sourcecode.c.objc; path = iiUsagePeriod.m; sourceTree = "<group>"; };
		98DADEC7150331200031FBC4 /* iiUsageUnit.h */ = {isa = PBXFileReference; fileEncoding = 4; lastKnownFileType = sourcecode.c.h; path = iiUsageUnit.h; sourceTree = "<group>"; };
		98DADEC8150331200031FBC4 /* iiUsageUnit.m */ = {isa = PBXFileReference; fileEncoding = 4; lastKnownFileType = sourcecode.c.objc; path = iiUsageUnit.m; sourceTree = "<group>"; };
		98DADEC9150331200031FBC4 /* iiVolumeUsage.h */ = {isa = PBXFileReference; fileEncoding = 4; lastKnownFileType = sourcecode.c.h; path = iiVolumeUsage.h; sourceTree = "<group>"; };
		98DADECA150331200031FBC4 /* iiVolumeUsage.m */ = {isa = PBXFileReference; fileEncoding = 4; lastKnownFileType = sourcecode.c.objc; path = iiVolumeUsage.m; sourceTree = "<group>"; };
		98DADECB150331200031FBC4 /* iiVolumeUsageBreakdown.h */ = {isa = PBXFileReference; fileEncoding = 4; lastKnownFileType = sourcecode.c.h; path = iiVolumeUsageBreakdown.h; sourceTree = "<group>"; };
		98DADECC150331200031FBC4 /* iiVolumeUsageBreakdown.m */ = {isa = PBXFileReference; fileEncoding = 4; lastKnownFileType = sourcecode.c.objc; path = iiVolumeUsageBreakdown.m; sourceTree = "<group>"; };
		98DADECD150331200031FBC4 /* iiVolumeUsageProvider.h */ = {isa = PBXFileReference; fileEncoding = 4; lastKnownFileType = sourcecode.c.h; path = iiVolumeUsageProvider.h; sourceTree = "<group>"; };
		98DADECE150331200031FBC4 /* iiVolumeUsageProvider.m */ = {isa = PBXFileReference; fileEncoding = 4; lastKnownFileType = sourcecode.c.objc; path = iiVolumeUsageProvider.m; sourceTree = "<group>"; };
		98DADECF150331200031FBC4 /* XMLElements.h */ = {isa = PBXFileReference; fileEncoding = 4; lastKnownFileType = sourcecode.c.h; path = XMLElements.h; sourceTree = "<group>"; };
		98DADED0150331200031FBC4 /* XMLElements.m */ = {isa = PBXFileReference; fileEncoding = 4; lastKnownFileType = sourcecode.c.objc; path = XMLElements.m; sourceTree = "<group>"; };
		98E189C01536E74E003BDD01 /* KeychainItemWrapper.h */ = {isa = PBXFileReference; lastKnownFileType = sourcecode.c.h; path = KeychainItemWrapper.h; sourceTree = "<group>"; };
		98E189C11536E74E003BDD01 /* KeychainItemWrapper.m */ = {isa = PBXFileReference; lastKnownFileType = sourcecode.c.objc; path = KeychainItemWrapper.m; sourceTree = "<group>"; };
/* End PBXFileReference section */

/* Begin PBXFrameworksBuildPhase section */
		98DADE8315032DCE0031FBC4 /* Frameworks */ = {
			isa = PBXFrameworksBuildPhase;
			buildActionMask = 2147483647;
			files = (
				98DADEB3150330610031FBC4 /* Security.framework in Frameworks */,
				98DADE8B15032DCE0031FBC4 /* UIKit.framework in Frameworks */,
				98DADE8D15032DCE0031FBC4 /* Foundation.framework in Frameworks */,
				98DADE8F15032DCE0031FBC4 /* CoreGraphics.framework in Frameworks */,
			);
			runOnlyForDeploymentPostprocessing = 0;
		};
/* End PBXFrameworksBuildPhase section */

/* Begin PBXGroup section */
		98DADE7B15032DCD0031FBC4 = {
			isa = PBXGroup;
			children = (
				98DADEB2150330610031FBC4 /* Security.framework */,
				98DADEAD15032DE60031FBC4 /* README.md */,
				98DADE9015032DCE0031FBC4 /* Quotaii */,
				98DADE8915032DCE0031FBC4 /* Frameworks */,
				98DADE8715032DCE0031FBC4 /* Products */,
			);
			sourceTree = "<group>";
		};
		98DADE8715032DCE0031FBC4 /* Products */ = {
			isa = PBXGroup;
			children = (
				98DADE8615032DCE0031FBC4 /* Quotaii.app */,
			);
			name = Products;
			sourceTree = "<group>";
		};
		98DADE8915032DCE0031FBC4 /* Frameworks */ = {
			isa = PBXGroup;
			children = (
				98DADE8A15032DCE0031FBC4 /* UIKit.framework */,
				98DADE8C15032DCE0031FBC4 /* Foundation.framework */,
				98DADE8E15032DCE0031FBC4 /* CoreGraphics.framework */,
			);
			name = Frameworks;
			sourceTree = "<group>";
		};
		98DADE9015032DCE0031FBC4 /* Quotaii */ = {
			isa = PBXGroup;
			children = (
				98996D6B1518BC87009993C4 /* gray_noise_tile.png */,
				98DADEDD1503312C0031FBC4 /* VolumeUsageAPI */,
				98DADE9915032DCE0031FBC4 /* AppDelegate.h */,
				98DADE9A15032DCE0031FBC4 /* AppDelegate.m */,
				98DADE9C15032DCE0031FBC4 /* MasterViewController.h */,
				98DADE9D15032DCE0031FBC4 /* MasterViewController.m */,
				98DADE9F15032DCE0031FBC4 /* DetailViewController.h */,
				98DADEA015032DCE0031FBC4 /* DetailViewController.m */,
				98DADEA215032DCE0031FBC4 /* MasterViewController.xib */,
				98DADEA515032DCE0031FBC4 /* DetailViewController.xib */,
				983E1993150A3760001E6684 /* DDProgressView.h */,
				983E1994150A3760001E6684 /* DDProgressView.m */,
				983E1997150A3B75001E6684 /* AccountProvider.h */,
				983E1998150A3B75001E6684 /* AccountProvider.m */,
				983E199A150B826F001E6684 /* AccountDetails.h */,
				983E199B150B826F001E6684 /* AccountDetails.m */,
				983E199D150B894C001E6684 /* AccountDetailsViewController.h */,
				983E199E150B894C001E6684 /* AccountDetailsViewController.m */,
				983E199F150B894C001E6684 /* AccountDetailsViewController.xib */,
				98E189C01536E74E003BDD01 /* KeychainItemWrapper.h */,
				98E189C11536E74E003BDD01 /* KeychainItemWrapper.m */,
				98DADE9115032DCE0031FBC4 /* Supporting Files */,
				98996D731520836A009993C4 /* mock_usage_anytime.xml */,
			);
			path = Quotaii;
			sourceTree = "<group>";
		};
		98DADE9115032DCE0031FBC4 /* Supporting Files */ = {
			isa = PBXGroup;
			children = (
				98DADE9215032DCE0031FBC4 /* Quotaii-Info.plist */,
				98DADE9315032DCE0031FBC4 /* InfoPlist.strings */,
				98DADE9615032DCE0031FBC4 /* main.m */,
				98DADE9815032DCE0031FBC4 /* Quotaii-Prefix.pch */,
			);
			name = "Supporting Files";
			sourceTree = "<group>";
		};
		98DADEDD1503312C0031FBC4 /* VolumeUsageAPI */ = {
			isa = PBXGroup;
			children = (
				98DADEB8150331200031FBC4 /* Errors.h */,
				98DADEB9150331200031FBC4 /* Errors.m */,
				98DADEBA150331200031FBC4 /* iiAccountInfo.h */,
				98DADEBB150331200031FBC4 /* iiAccountInfo.m */,
				98DADEBC150331200031FBC4 /* iiConnection.h */,
				98DADEBD150331200031FBC4 /* iiConnection.m */,
				98DADEBE150331200031FBC4 /* iiFeed.h */,
				98DADEBF150331200031FBC4 /* iiFeed.m */,
				98DADEC0150331200031FBC4 /* iiQuotaReset.h */,
				98DADEC1150331200031FBC4 /* iiQuotaReset.m */,
				98DADEC2150331200031FBC4 /* iiTraffic.h */,
				98DADEC3150331200031FBC4 /* iiTraffic.m */,
				98DADEC4150331200031FBC4 /* iiTrafficType.h */,
				98DADEC5150331200031FBC4 /* iiUsagePeriod.h */,
				98DADEC6150331200031FBC4 /* iiUsagePeriod.m */,
				98DADEC7150331200031FBC4 /* iiUsageUnit.h */,
				98DADEC8150331200031FBC4 /* iiUsageUnit.m */,
				98DADEC9150331200031FBC4 /* iiVolumeUsage.h */,
				98DADECA150331200031FBC4 /* iiVolumeUsage.m */,
				98DADECB150331200031FBC4 /* iiVolumeUsageBreakdown.h */,
				98DADECC150331200031FBC4 /* iiVolumeUsageBreakdown.m */,
				98DADECD150331200031FBC4 /* iiVolumeUsageProvider.h */,
				98DADECE150331200031FBC4 /* iiVolumeUsageProvider.m */,
				98DADECF150331200031FBC4 /* XMLElements.h */,
				98DADED0150331200031FBC4 /* XMLElements.m */,
			);
			name = VolumeUsageAPI;
			sourceTree = "<group>";
		};
/* End PBXGroup section */

/* Begin PBXNativeTarget section */
		98DADE8515032DCE0031FBC4 /* Quotaii */ = {
			isa = PBXNativeTarget;
			buildConfigurationList = 98DADEAA15032DCE0031FBC4 /* Build configuration list for PBXNativeTarget "Quotaii" */;
			buildPhases = (
				98DADE8215032DCE0031FBC4 /* Sources */,
				98DADE8315032DCE0031FBC4 /* Frameworks */,
				98DADE8415032DCE0031FBC4 /* Resources */,
			);
			buildRules = (
			);
			dependencies = (
			);
			name = Quotaii;
			productName = Quotaii;
			productReference = 98DADE8615032DCE0031FBC4 /* Quotaii.app */;
			productType = "com.apple.product-type.application";
		};
/* End PBXNativeTarget section */

/* Begin PBXProject section */
		98DADE7D15032DCD0031FBC4 /* Project object */ = {
			isa = PBXProject;
			attributes = {
				LastUpgradeCheck = 0420;
				ORGANIZATIONNAME = "Joshua Lay";
			};
			buildConfigurationList = 98DADE8015032DCE0031FBC4 /* Build configuration list for PBXProject "Quotaii" */;
			compatibilityVersion = "Xcode 3.2";
			developmentRegion = English;
			hasScannedForEncodings = 0;
			knownRegions = (
				en,
			);
			mainGroup = 98DADE7B15032DCD0031FBC4;
			productRefGroup = 98DADE8715032DCE0031FBC4 /* Products */;
			projectDirPath = "";
			projectRoot = "";
			targets = (
				98DADE8515032DCE0031FBC4 /* Quotaii */,
			);
		};
/* End PBXProject section */

/* Begin PBXResourcesBuildPhase section */
		98DADE8415032DCE0031FBC4 /* Resources */ = {
			isa = PBXResourcesBuildPhase;
			buildActionMask = 2147483647;
			files = (
				98DADE9515032DCE0031FBC4 /* InfoPlist.strings in Resources */,
				98DADEA415032DCE0031FBC4 /* MasterViewController.xib in Resources */,
				98DADEA715032DCE0031FBC4 /* DetailViewController.xib in Resources */,
				98DADEAE15032DE60031FBC4 /* README.md in Resources */,
				983E19A1150B894C001E6684 /* AccountDetailsViewController.xib in Resources */,
				98996D6C1518BC87009993C4 /* gray_noise_tile.png in Resources */,
				98996D741520836A009993C4 /* mock_usage_anytime.xml in Resources */,
			);
			runOnlyForDeploymentPostprocessing = 0;
		};
/* End PBXResourcesBuildPhase section */

/* Begin PBXSourcesBuildPhase section */
		98DADE8215032DCE0031FBC4 /* Sources */ = {
			isa = PBXSourcesBuildPhase;
			buildActionMask = 2147483647;
			files = (
				98E189C31536EA57003BDD01 /* KeychainItemWrapper.m in Sources */,
				98DADE9715032DCE0031FBC4 /* main.m in Sources */,
				98DADE9B15032DCE0031FBC4 /* AppDelegate.m in Sources */,
				98DADE9E15032DCE0031FBC4 /* MasterViewController.m in Sources */,
				98DADEA115032DCE0031FBC4 /* DetailViewController.m in Sources */,
				98DADED1150331200031FBC4 /* Errors.m in Sources */,
				98DADED2150331200031FBC4 /* iiAccountInfo.m in Sources */,
				98DADED3150331200031FBC4 /* iiConnection.m in Sources */,
				98DADED4150331200031FBC4 /* iiFeed.m in Sources */,
				98DADED5150331200031FBC4 /* iiQuotaReset.m in Sources */,
				98DADED6150331200031FBC4 /* iiTraffic.m in Sources */,
				98DADED7150331200031FBC4 /* iiUsagePeriod.m in Sources */,
				98DADED8150331200031FBC4 /* iiUsageUnit.m in Sources */,
				98DADED9150331200031FBC4 /* iiVolumeUsage.m in Sources */,
				98DADEDA150331200031FBC4 /* iiVolumeUsageBreakdown.m in Sources */,
				98DADEDB150331200031FBC4 /* iiVolumeUsageProvider.m in Sources */,
				98DADEDC150331200031FBC4 /* XMLElements.m in Sources */,
				983E1995150A3760001E6684 /* DDProgressView.m in Sources */,
				983E1999150A3B75001E6684 /* AccountProvider.m in Sources */,
				983E199C150B826F001E6684 /* AccountDetails.m in Sources */,
				983E19A0150B894C001E6684 /* AccountDetailsViewController.m in Sources */,
			);
			runOnlyForDeploymentPostprocessing = 0;
		};
/* End PBXSourcesBuildPhase section */

/* Begin PBXVariantGroup section */
		98DADE9315032DCE0031FBC4 /* InfoPlist.strings */ = {
			isa = PBXVariantGroup;
			children = (
				98DADE9415032DCE0031FBC4 /* en */,
			);
			name = InfoPlist.strings;
			sourceTree = "<group>";
		};
		98DADEA215032DCE0031FBC4 /* MasterViewController.xib */ = {
			isa = PBXVariantGroup;
			children = (
				98DADEA315032DCE0031FBC4 /* en */,
			);
			name = MasterViewController.xib;
			sourceTree = "<group>";
		};
		98DADEA515032DCE0031FBC4 /* DetailViewController.xib */ = {
			isa = PBXVariantGroup;
			children = (
				98DADEA615032DCE0031FBC4 /* en */,
			);
			name = DetailViewController.xib;
			sourceTree = "<group>";
		};
/* End PBXVariantGroup section */

/* Begin XCBuildConfiguration section */
		98DADEA815032DCE0031FBC4 /* Debug */ = {
			isa = XCBuildConfiguration;
			buildSettings = {
				ALWAYS_SEARCH_USER_PATHS = NO;
				ARCHS = "$(ARCHS_STANDARD_32_BIT)";
				CLANG_ENABLE_OBJC_ARC = YES;
				"CODE_SIGN_IDENTITY[sdk=iphoneos*]" = "iPhone Developer";
				COPY_PHASE_STRIP = NO;
				GCC_C_LANGUAGE_STANDARD = gnu99;
				GCC_DYNAMIC_NO_PIC = NO;
				GCC_OPTIMIZATION_LEVEL = 0;
				GCC_PREPROCESSOR_DEFINITIONS = (
					"DEBUG=1",
					"$(inherited)",
				);
				GCC_SYMBOLS_PRIVATE_EXTERN = NO;
				GCC_VERSION = com.apple.compilers.llvm.clang.1_0;
				GCC_WARN_ABOUT_MISSING_PROTOTYPES = YES;
				GCC_WARN_ABOUT_RETURN_TYPE = YES;
				GCC_WARN_UNUSED_VARIABLE = YES;
				IPHONEOS_DEPLOYMENT_TARGET = 5.0;
				SDKROOT = iphoneos;
			};
			name = Debug;
		};
		98DADEA915032DCE0031FBC4 /* Release */ = {
			isa = XCBuildConfiguration;
			buildSettings = {
				ALWAYS_SEARCH_USER_PATHS = NO;
				ARCHS = "$(ARCHS_STANDARD_32_BIT)";
				CLANG_ENABLE_OBJC_ARC = YES;
				"CODE_SIGN_IDENTITY[sdk=iphoneos*]" = "iPhone Developer";
				COPY_PHASE_STRIP = YES;
				GCC_C_LANGUAGE_STANDARD = gnu99;
				GCC_VERSION = com.apple.compilers.llvm.clang.1_0;
				GCC_WARN_ABOUT_MISSING_PROTOTYPES = YES;
				GCC_WARN_ABOUT_RETURN_TYPE = YES;
				GCC_WARN_UNUSED_VARIABLE = YES;
				IPHONEOS_DEPLOYMENT_TARGET = 5.0;
				OTHER_CFLAGS = "-DNS_BLOCK_ASSERTIONS=1";
				SDKROOT = iphoneos;
				VALIDATE_PRODUCT = YES;
			};
			name = Release;
		};
		98DADEAB15032DCE0031FBC4 /* Debug */ = {
			isa = XCBuildConfiguration;
			buildSettings = {
				GCC_PRECOMPILE_PREFIX_HEADER = YES;
				GCC_PREFIX_HEADER = "Quotaii/Quotaii-Prefix.pch";
				INFOPLIST_FILE = "Quotaii/Quotaii-Info.plist";
				PRODUCT_NAME = "$(TARGET_NAME)";
				WRAPPER_EXTENSION = app;
			};
			name = Debug;
		};
		98DADEAC15032DCE0031FBC4 /* Release */ = {
			isa = XCBuildConfiguration;
			buildSettings = {
				GCC_PRECOMPILE_PREFIX_HEADER = YES;
				GCC_PREFIX_HEADER = "Quotaii/Quotaii-Prefix.pch";
				INFOPLIST_FILE = "Quotaii/Quotaii-Info.plist";
				PRODUCT_NAME = "$(TARGET_NAME)";
				WRAPPER_EXTENSION = app;
			};
			name = Release;
		};
/* End XCBuildConfiguration section */

/* Begin XCConfigurationList section */
		98DADE8015032DCE0031FBC4 /* Build configuration list for PBXProject "Quotaii" */ = {
			isa = XCConfigurationList;
			buildConfigurations = (
				98DADEA815032DCE0031FBC4 /* Debug */,
				98DADEA915032DCE0031FBC4 /* Release */,
			);
			defaultConfigurationIsVisible = 0;
			defaultConfigurationName = Release;
		};
		98DADEAA15032DCE0031FBC4 /* Build configuration list for PBXNativeTarget "Quotaii" */ = {
			isa = XCConfigurationList;
			buildConfigurations = (
				98DADEAB15032DCE0031FBC4 /* Debug */,
				98DADEAC15032DCE0031FBC4 /* Release */,
			);
			defaultConfigurationIsVisible = 0;
			defaultConfigurationName = Release;
		};
/* End XCConfigurationList section */
	};
	rootObject = 98DADE7D15032DCD0031FBC4 /* Project object */;
}
